// !$*UTF8*$!
{
	archiveVersion = 1;
	classes = {
	};
	objectVersion = 46;
	objects = {

/* Begin PBXBuildFile section */
		5DF90D791A3325760070A7E7 /* main.m in Sources */ = {isa = PBXBuildFile; fileRef = 5DF90D781A3325760070A7E7 /* main.m */; };
		5DF90D7C1A3325760070A7E7 /* AppDelegate.m in Sources */ = {isa = PBXBuildFile; fileRef = 5DF90D7B1A3325760070A7E7 /* AppDelegate.m */; };
		5DF90D7F1A3325760070A7E7 /* BootstrApp.xcdatamodeld in Sources */ = {isa = PBXBuildFile; fileRef = 5DF90D7D1A3325760070A7E7 /* BootstrApp.xcdatamodeld */; };
		5DF90D821A3325760070A7E7 /* ViewController.m in Sources */ = {isa = PBXBuildFile; fileRef = 5DF90D811A3325760070A7E7 /* ViewController.m */; };
		5DF90D851A3325760070A7E7 /* Main.storyboard in Resources */ = {isa = PBXBuildFile; fileRef = 5DF90D831A3325760070A7E7 /* Main.storyboard */; };
		5DF90D871A3325760070A7E7 /* Images.xcassets in Resources */ = {isa = PBXBuildFile; fileRef = 5DF90D861A3325760070A7E7 /* Images.xcassets */; };
		5DF90D8A1A3325760070A7E7 /* LaunchScreen.xib in Resources */ = {isa = PBXBuildFile; fileRef = 5DF90D881A3325760070A7E7 /* LaunchScreen.xib */; };
		5DF90D961A3325760070A7E7 /* BootstrAppTests.m in Sources */ = {isa = PBXBuildFile; fileRef = 5DF90D951A3325760070A7E7 /* BootstrAppTests.m */; };
/* End PBXBuildFile section */

/* Begin PBXContainerItemProxy section */
		5DF90D901A3325760070A7E7 /* PBXContainerItemProxy */ = {
			isa = PBXContainerItemProxy;
			containerPortal = 5DF90D6B1A3325760070A7E7 /* Project object */;
			proxyType = 1;
			remoteGlobalIDString = 5DF90D721A3325760070A7E7;
			remoteInfo = BootstrApp;
		};
/* End PBXContainerItemProxy section */

/* Begin PBXFileReference section */
		5DF90D731A3325760070A7E7 /* BootstrApp.app */ = {isa = PBXFileReference; explicitFileType = wrapper.application; includeInIndex = 0; path = BootstrApp.app; sourceTree = BUILT_PRODUCTS_DIR; };
		5DF90D771A3325760070A7E7 /* Info.plist */ = {isa = PBXFileReference; lastKnownFileType = text.plist.xml; path = Info.plist; sourceTree = "<group>"; };
		5DF90D781A3325760070A7E7 /* main.m */ = {isa = PBXFileReference; lastKnownFileType = sourcecode.c.objc; path = main.m; sourceTree = "<group>"; };
		5DF90D7A1A3325760070A7E7 /* AppDelegate.h */ = {isa = PBXFileReference; lastKnownFileType = sourcecode.c.h; path = AppDelegate.h; sourceTree = "<group>"; };
		5DF90D7B1A3325760070A7E7 /* AppDelegate.m */ = {isa = PBXFileReference; lastKnownFileType = sourcecode.c.objc; path = AppDelegate.m; sourceTree = "<group>"; };
		5DF90D7E1A3325760070A7E7 /* BootstrApp.xcdatamodel */ = {isa = PBXFileReference; lastKnownFileType = wrapper.xcdatamodel; path = BootstrApp.xcdatamodel; sourceTree = "<group>"; };
		5DF90D801A3325760070A7E7 /* ViewController.h */ = {isa = PBXFileReference; lastKnownFileType = sourcecode.c.h; path = ViewController.h; sourceTree = "<group>"; };
		5DF90D811A3325760070A7E7 /* ViewController.m */ = {isa = PBXFileReference; lastKnownFileType = sourcecode.c.objc; path = ViewController.m; sourceTree = "<group>"; };
		5DF90D841A3325760070A7E7 /* Base */ = {isa = PBXFileReference; lastKnownFileType = file.storyboard; name = Base; path = Base.lproj/Main.storyboard; sourceTree = "<group>"; };
		5DF90D861A3325760070A7E7 /* Images.xcassets */ = {isa = PBXFileReference; lastKnownFileType = folder.assetcatalog; path = Images.xcassets; sourceTree = "<group>"; };
		5DF90D891A3325760070A7E7 /* Base */ = {isa = PBXFileReference; lastKnownFileType = file.xib; name = Base; path = Base.lproj/LaunchScreen.xib; sourceTree = "<group>"; };
		5DF90D8F1A3325760070A7E7 /* BootstrAppTests.xctest */ = {isa = PBXFileReference; explicitFileType = wrapper.cfbundle; includeInIndex = 0; path = BootstrAppTests.xctest; sourceTree = BUILT_PRODUCTS_DIR; };
		5DF90D941A3325760070A7E7 /* Info.plist */ = {isa = PBXFileReference; lastKnownFileType = text.plist.xml; path = Info.plist; sourceTree = "<group>"; };
		5DF90D951A3325760070A7E7 /* BootstrAppTests.m */ = {isa = PBXFileReference; lastKnownFileType = sourcecode.c.objc; path = BootstrAppTests.m; sourceTree = "<group>"; };
/* End PBXFileReference section */

/* Begin PBXFrameworksBuildPhase section */
		5DF90D701A3325760070A7E7 /* Frameworks */ = {
			isa = PBXFrameworksBuildPhase;
			buildActionMask = 2147483647;
			files = (
			);
			runOnlyForDeploymentPostprocessing = 0;
		};
		5DF90D8C1A3325760070A7E7 /* Frameworks */ = {
			isa = PBXFrameworksBuildPhase;
			buildActionMask = 2147483647;
			files = (
			);
			runOnlyForDeploymentPostprocessing = 0;
		};
/* End PBXFrameworksBuildPhase section */

/* Begin PBXGroup section */
		5DF90D6A1A3325760070A7E7 = {
			isa = PBXGroup;
			children = (
				5DF90D751A3325760070A7E7 /* BootstrApp */,
				5DF90D921A3325760070A7E7 /* BootstrAppTests */,
				5DF90D741A3325760070A7E7 /* Products */,
			);
			sourceTree = "<group>";
		};
		5DF90D741A3325760070A7E7 /* Products */ = {
			isa = PBXGroup;
			children = (
				5DF90D731A3325760070A7E7 /* BootstrApp.app */,
				5DF90D8F1A3325760070A7E7 /* BootstrAppTests.xctest */,
			);
			name = Products;
			sourceTree = "<group>";
		};
		5DF90D751A3325760070A7E7 /* BootstrApp */ = {
			isa = PBXGroup;
			children = (
				5DF90D7A1A3325760070A7E7 /* AppDelegate.h */,
				5DF90D7B1A3325760070A7E7 /* AppDelegate.m */,
				5DF90D801A3325760070A7E7 /* ViewController.h */,
				5DF90D811A3325760070A7E7 /* ViewController.m */,
				5DF90D831A3325760070A7E7 /* Main.storyboard */,
				5DF90D861A3325760070A7E7 /* Images.xcassets */,
				5DF90D881A3325760070A7E7 /* LaunchScreen.xib */,
				5DF90D7D1A3325760070A7E7 /* BootstrApp.xcdatamodeld */,
				5DF90D761A3325760070A7E7 /* Supporting Files */,
			);
			path = BootstrApp;
			sourceTree = "<group>";
		};
		5DF90D761A3325760070A7E7 /* Supporting Files */ = {
			isa = PBXGroup;
			children = (
				5DF90D771A3325760070A7E7 /* Info.plist */,
				5DF90D781A3325760070A7E7 /* main.m */,
			);
			name = "Supporting Files";
			sourceTree = "<group>";
		};
		5DF90D921A3325760070A7E7 /* BootstrAppTests */ = {
			isa = PBXGroup;
			children = (
				5DF90D951A3325760070A7E7 /* BootstrAppTests.m */,
				5DF90D931A3325760070A7E7 /* Supporting Files */,
			);
			path = BootstrAppTests;
			sourceTree = "<group>";
		};
		5DF90D931A3325760070A7E7 /* Supporting Files */ = {
			isa = PBXGroup;
			children = (
				5DF90D941A3325760070A7E7 /* Info.plist */,
			);
			name = "Supporting Files";
			sourceTree = "<group>";
		};
/* End PBXGroup section */

/* Begin PBXNativeTarget section */
		5DF90D721A3325760070A7E7 /* BootstrApp */ = {
			isa = PBXNativeTarget;
			buildConfigurationList = 5DF90D991A3325760070A7E7 /* Build configuration list for PBXNativeTarget "BootstrApp" */;
			buildPhases = (
				5DF90D6F1A3325760070A7E7 /* Sources */,
				5DF90D701A3325760070A7E7 /* Frameworks */,
				5DF90D711A3325760070A7E7 /* Resources */,
			);
			buildRules = (
			);
			dependencies = (
			);
			name = BootstrApp;
			productName = BootstrApp;
			productReference = 5DF90D731A3325760070A7E7 /* BootstrApp.app */;
			productType = "com.apple.product-type.application";
		};
		5DF90D8E1A3325760070A7E7 /* BootstrAppTests */ = {
			isa = PBXNativeTarget;
			buildConfigurationList = 5DF90D9C1A3325760070A7E7 /* Build configuration list for PBXNativeTarget "BootstrAppTests" */;
			buildPhases = (
				5DF90D8B1A3325760070A7E7 /* Sources */,
				5DF90D8C1A3325760070A7E7 /* Frameworks */,
				5DF90D8D1A3325760070A7E7 /* Resources */,
			);
			buildRules = (
			);
			dependencies = (
				5DF90D911A3325760070A7E7 /* PBXTargetDependency */,
			);
			name = BootstrAppTests;
			productName = BootstrAppTests;
			productReference = 5DF90D8F1A3325760070A7E7 /* BootstrAppTests.xctest */;
			productType = "com.apple.product-type.bundle.unit-test";
		};
/* End PBXNativeTarget section */

/* Begin PBXProject section */
		5DF90D6B1A3325760070A7E7 /* Project object */ = {
			isa = PBXProject;
			attributes = {
				LastUpgradeCheck = 0610;
				ORGANIZATIONNAME = EDTL;
				TargetAttributes = {
					5DF90D721A3325760070A7E7 = {
						CreatedOnToolsVersion = 6.1.1;
					};
					5DF90D8E1A3325760070A7E7 = {
						CreatedOnToolsVersion = 6.1.1;
						TestTargetID = 5DF90D721A3325760070A7E7;
					};
				};
			};
			buildConfigurationList = 5DF90D6E1A3325760070A7E7 /* Build configuration list for PBXProject "BootstrApp" */;
			compatibilityVersion = "Xcode 3.2";
			developmentRegion = English;
			hasScannedForEncodings = 0;
			knownRegions = (
				en,
				Base,
			);
			mainGroup = 5DF90D6A1A3325760070A7E7;
			productRefGroup = 5DF90D741A3325760070A7E7 /* Products */;
			projectDirPath = "";
			projectRoot = "";
			targets = (
				5DF90D721A3325760070A7E7 /* BootstrApp */,
				5DF90D8E1A3325760070A7E7 /* BootstrAppTests */,
			);
		};
/* End PBXProject section */

/* Begin PBXResourcesBuildPhase section */
		5DF90D711A3325760070A7E7 /* Resources */ = {
			isa = PBXResourcesBuildPhase;
			buildActionMask = 2147483647;
			files = (
				5DF90D851A3325760070A7E7 /* Main.storyboard in Resources */,
				5DF90D8A1A3325760070A7E7 /* LaunchScreen.xib in Resources */,
				5DF90D871A3325760070A7E7 /* Images.xcassets in Resources */,
			);
			runOnlyForDeploymentPostprocessing = 0;
		};
		5DF90D8D1A3325760070A7E7 /* Resources */ = {
			isa = PBXResourcesBuildPhase;
			buildActionMask = 2147483647;
			files = (
			);
			runOnlyForDeploymentPostprocessing = 0;
		};
/* End PBXResourcesBuildPhase section */

/* Begin PBXSourcesBuildPhase section */
		5DF90D6F1A3325760070A7E7 /* Sources */ = {
			isa = PBXSourcesBuildPhase;
			buildActionMask = 2147483647;
			files = (
				5DF90D7F1A3325760070A7E7 /* BootstrApp.xcdatamodeld in Sources */,
				5DF90D7C1A3325760070A7E7 /* AppDelegate.m in Sources */,
				5DF90D821A3325760070A7E7 /* ViewController.m in Sources */,
				5DF90D791A3325760070A7E7 /* main.m in Sources */,
			);
			runOnlyForDeploymentPostprocessing = 0;
		};
		5DF90D8B1A3325760070A7E7 /* Sources */ = {
			isa = PBXSourcesBuildPhase;
			buildActionMask = 2147483647;
			files = (
				5DF90D961A3325760070A7E7 /* BootstrAppTests.m in Sources */,
			);
			runOnlyForDeploymentPostprocessing = 0;
		};
/* End PBXSourcesBuildPhase section */

/* Begin PBXTargetDependency section */
		5DF90D911A3325760070A7E7 /* PBXTargetDependency */ = {
			isa = PBXTargetDependency;
			target = 5DF90D721A3325760070A7E7 /* BootstrApp */;
			targetProxy = 5DF90D901A3325760070A7E7 /* PBXContainerItemProxy */;
		};
/* End PBXTargetDependency section */

/* Begin PBXVariantGroup section */
		5DF90D831A3325760070A7E7 /* Main.storyboard */ = {
			isa = PBXVariantGroup;
			children = (
				5DF90D841A3325760070A7E7 /* Base */,
			);
			name = Main.storyboard;
			sourceTree = "<group>";
		};
		5DF90D881A3325760070A7E7 /* LaunchScreen.xib */ = {
			isa = PBXVariantGroup;
			children = (
				5DF90D891A3325760070A7E7 /* Base */,
			);
			name = LaunchScreen.xib;
			sourceTree = "<group>";
		};
/* End PBXVariantGroup section */

/* Begin XCBuildConfiguration section */
		5DF90D971A3325760070A7E7 /* Debug */ = {
			isa = XCBuildConfiguration;
			buildSettings = {
				ALWAYS_SEARCH_USER_PATHS = NO;
				CLANG_CXX_LANGUAGE_STANDARD = "gnu++0x";
				CLANG_CXX_LIBRARY = "libc++";
				CLANG_ENABLE_MODULES = YES;
				CLANG_ENABLE_OBJC_ARC = YES;
				CLANG_WARN_BOOL_CONVERSION = YES;
				CLANG_WARN_CONSTANT_CONVERSION = YES;
				CLANG_WARN_DIRECT_OBJC_ISA_USAGE = YES_ERROR;
				CLANG_WARN_EMPTY_BODY = YES;
				CLANG_WARN_ENUM_CONVERSION = YES;
				CLANG_WARN_INT_CONVERSION = YES;
				CLANG_WARN_OBJC_ROOT_CLASS = YES_ERROR;
				CLANG_WARN_UNREACHABLE_CODE = YES;
				CLANG_WARN__DUPLICATE_METHOD_MATCH = YES;
				"CODE_SIGN_IDENTITY[sdk=iphoneos*]" = "iPhone Developer";
				COPY_PHASE_STRIP = NO;
				ENABLE_STRICT_OBJC_MSGSEND = YES;
				GCC_C_LANGUAGE_STANDARD = gnu99;
				GCC_DYNAMIC_NO_PIC = NO;
				GCC_OPTIMIZATION_LEVEL = 0;
				GCC_PREPROCESSOR_DEFINITIONS = (
					"DEBUG=1",
					"$(inherited)",
				);
				GCC_SYMBOLS_PRIVATE_EXTERN = NO;
				GCC_WARN_64_TO_32_BIT_CONVERSION = YES;
				GCC_WARN_ABOUT_RETURN_TYPE = YES_ERROR;
				GCC_WARN_UNDECLARED_SELECTOR = YES;
				GCC_WARN_UNINITIALIZED_AUTOS = YES_AGGRESSIVE;
				GCC_WARN_UNUSED_FUNCTION = YES;
				GCC_WARN_UNUSED_VARIABLE = YES;
				IPHONEOS_DEPLOYMENT_TARGET = 8.1;
				MTL_ENABLE_DEBUG_INFO = YES;
				ONLY_ACTIVE_ARCH = YES;
				SDKROOT = iphoneos;
				TARGETED_DEVICE_FAMILY = "1,2";
			};
			name = Debug;
		};
		5DF90D981A3325760070A7E7 /* Release */ = {
			isa = XCBuildConfiguration;
			buildSettings = {
				ALWAYS_SEARCH_USER_PATHS = NO;
				CLANG_CXX_LANGUAGE_STANDARD = "gnu++0x";
				CLANG_CXX_LIBRARY = "libc++";
				CLANG_ENABLE_MODULES = YES;
				CLANG_ENABLE_OBJC_ARC = YES;
				CLANG_WARN_BOOL_CONVERSION = YES;
				CLANG_WARN_CONSTANT_CONVERSION = YES;
				CLANG_WARN_DIRECT_OBJC_ISA_USAGE = YES_ERROR;
				CLANG_WARN_EMPTY_BODY = YES;
				CLANG_WARN_ENUM_CONVERSION = YES;
				CLANG_WARN_INT_CONVERSION = YES;
				CLANG_WARN_OBJC_ROOT_CLASS = YES_ERROR;
				CLANG_WARN_UNREACHABLE_CODE = YES;
				CLANG_WARN__DUPLICATE_METHOD_MATCH = YES;
				"CODE_SIGN_IDENTITY[sdk=iphoneos*]" = "iPhone Developer";
				COPY_PHASE_STRIP = YES;
				ENABLE_NS_ASSERTIONS = NO;
				ENABLE_STRICT_OBJC_MSGSEND = YES;
				GCC_C_LANGUAGE_STANDARD = gnu99;
				GCC_WARN_64_TO_32_BIT_CONVERSION = YES;
				GCC_WARN_ABOUT_RETURN_TYPE = YES_ERROR;
				GCC_WARN_UNDECLARED_SELECTOR = YES;
				GCC_WARN_UNINITIALIZED_AUTOS = YES_AGGRESSIVE;
				GCC_WARN_UNUSED_FUNCTION = YES;
				GCC_WARN_UNUSED_VARIABLE = YES;
				IPHONEOS_DEPLOYMENT_TARGET = 8.1;
				MTL_ENABLE_DEBUG_INFO = NO;
				SDKROOT = iphoneos;
				TARGETED_DEVICE_FAMILY = "1,2";
				VALIDATE_PRODUCT = YES;
			};
			name = Release;
		};
		5DF90D9A1A3325760070A7E7 /* Debug */ = {
			isa = XCBuildConfiguration;
			buildSettings = {
				ASSETCATALOG_COMPILER_APPICON_NAME = AppIcon;
				INFOPLIST_FILE = BootstrApp/Info.plist;
				LD_RUNPATH_SEARCH_PATHS = "$(inherited) @executable_path/Frameworks";
				PRODUCT_NAME = "$(TARGET_NAME)";
			};
			name = Debug;
		};
		5DF90D9B1A3325760070A7E7 /* Release */ = {
			isa = XCBuildConfiguration;
			buildSettings = {
				ASSETCATALOG_COMPILER_APPICON_NAME = AppIcon;
				INFOPLIST_FILE = BootstrApp/Info.plist;
				LD_RUNPATH_SEARCH_PATHS = "$(inherited) @executable_path/Frameworks";
				PRODUCT_NAME = "$(TARGET_NAME)";
			};
			name = Release;
		};
		5DF90D9D1A3325760070A7E7 /* Debug */ = {
			isa = XCBuildConfiguration;
			buildSettings = {
				BUNDLE_LOADER = "$(TEST_HOST)";
				FRAMEWORK_SEARCH_PATHS = (
					"$(SDKROOT)/Developer/Library/Frameworks",
					"$(inherited)",
				);
				GCC_PREPROCESSOR_DEFINITIONS = (
					"DEBUG=1",
					"$(inherited)",
				);
				INFOPLIST_FILE = BootstrAppTests/Info.plist;
				LD_RUNPATH_SEARCH_PATHS = "$(inherited) @executable_path/Frameworks @loader_path/Frameworks";
				PRODUCT_NAME = "$(TARGET_NAME)";
				TEST_HOST = "$(BUILT_PRODUCTS_DIR)/BootstrApp.app/BootstrApp";
			};
			name = Debug;
		};
		5DF90D9E1A3325760070A7E7 /* Release */ = {
			isa = XCBuildConfiguration;
			buildSettings = {
				BUNDLE_LOADER = "$(TEST_HOST)";
				FRAMEWORK_SEARCH_PATHS = (
					"$(SDKROOT)/Developer/Library/Frameworks",
					"$(inherited)",
				);
				INFOPLIST_FILE = BootstrAppTests/Info.plist;
				LD_RUNPATH_SEARCH_PATHS = "$(inherited) @executable_path/Frameworks @loader_path/Frameworks";
				PRODUCT_NAME = "$(TARGET_NAME)";
				TEST_HOST = "$(BUILT_PRODUCTS_DIR)/BootstrApp.app/BootstrApp";
			};
			name = Release;
		};
/* End XCBuildConfiguration section */

/* Begin XCConfigurationList section */
		5DF90D6E1A3325760070A7E7 /* Build configuration list for PBXProject "BootstrApp" */ = {
			isa = XCConfigurationList;
			buildConfigurations = (
				5DF90D971A3325760070A7E7 /* Debug */,
				5DF90D981A3325760070A7E7 /* Release */,
			);
			defaultConfigurationIsVisible = 0;
			defaultConfigurationName = Release;
		};
		5DF90D991A3325760070A7E7 /* Build configuration list for PBXNativeTarget "BootstrApp" */ = {
			isa = XCConfigurationList;
			buildConfigurations = (
				5DF90D9A1A3325760070A7E7 /* Debug */,
				5DF90D9B1A3325760070A7E7 /* Release */,
			);
			defaultConfigurationIsVisible = 0;
		};
		5DF90D9C1A3325760070A7E7 /* Build configuration list for PBXNativeTarget "BootstrAppTests" */ = {
			isa = XCConfigurationList;
			buildConfigurations = (
				5DF90D9D1A3325760070A7E7 /* Debug */,
				5DF90D9E1A3325760070A7E7 /* Release */,
			);
			defaultConfigurationIsVisible = 0;
		};
/* End XCConfigurationList section */

/* Begin XCVersionGroup section */
		5DF90D7D1A3325760070A7E7 /* BootstrApp.xcdatamodeld */ = {
			isa = XCVersionGroup;
			children = (
				5DF90D7E1A3325760070A7E7 /* BootstrApp.xcdatamodel */,
			);
			currentVersion = 5DF90D7E1A3325760070A7E7 /* BootstrApp.xcdatamodel */;
			path = BootstrApp.xcdatamodeld;
			sourceTree = "<group>";
			versionGroupType = wrapper.xcdatamodel;
		};
/* End XCVersionGroup section */
	};
	rootObject = 5DF90D6B1A3325760070A7E7 /* Project object */;
}
